// !$*UTF8*$!
{
	archiveVersion = 1;
	classes = {
	};
	objectVersion = 77;
	objects = {

/* Begin PBXContainerItemProxy section */
		CD5FA4BD2F6D5EC000FC32A2 /* PBXContainerItemProxy */ = {
			isa = PBXContainerItemProxy;
			containerPortal = CD5FA4A52F6D5EBF00FC32A2 /* Project object */;
			proxyType = 1;
			remoteGlobalIDString = CD5FA4AC2F6D5EBF00FC32A2;
			remoteInfo = "本地通讯录管家";
		};
		CD5FA4C72F6D5EC000FC32A2 /* PBXContainerItemProxy */ = {
			isa = PBXContainerItemProxy;
			containerPortal = CD5FA4A52F6D5EBF00FC32A2 /* Project object */;
			proxyType = 1;
			remoteGlobalIDString = CD5FA4AC2F6D5EBF00FC32A2;
			remoteInfo = "本地通讯录管家";
		};
/* End PBXContainerItemProxy section */

/* Begin PBXFileReference section */
		CD5FA4AD2F6D5EBF00FC32A2 /* 本地通讯录管家.app */ = {isa = PBXFileReference; explicitFileType = wrapper.application; includeInIndex = 0; path = "本地通讯录管家.app"; sourceTree = BUILT_PRODUCTS_DIR; };
		CD5FA4BC2F6D5EC000FC32A2 /* 本地通讯录管家Tests.xctest */ = {isa = PBXFileReference; explicitFileType = wrapper.cfbundle; includeInIndex = 0; path = "本地通讯录管家Tests.xctest"; sourceTree = BUILT_PRODUCTS_DIR; };
		CD5FA4C62F6D5EC000FC32A2 /* 本地通讯录管家UITests.xctest */ = {isa = PBXFileReference; explicitFileType = wrapper.cfbundle; includeInIndex = 0; path = "本地通讯录管家UITests.xctest"; sourceTree = BUILT_PRODUCTS_DIR; };
/* End PBXFileReference section */

/* Begin PBXFileSystemSynchronizedRootGroup section */
		CD5FA4AF2F6D5EBF00FC32A2 /* 本地通讯录管家 */ = {
			isa = PBXFileSystemSynchronizedRootGroup;
			path = "本地通讯录管家";
			sourceTree = "<group>";
		};
		CD5FA4BF2F6D5EC000FC32A2 /* 本地通讯录管家Tests */ = {
			isa = PBXFileSystemSynchronizedRootGroup;
			path = "本地通讯录管家Tests";
			sourceTree = "<group>";
		};
		CD5FA4C92F6D5EC000FC32A2 /* 本地通讯录管家UITests */ = {
			isa = PBXFileSystemSynchronizedRootGroup;
			path = "本地通讯录管家UITests";
			sourceTree = "<group>";
		};
/* End PBXFileSystemSynchronizedRootGroup section */

/* Begin PBXFrameworksBuildPhase section */
		CD5FA4AA2F6D5EBF00FC32A2 /* Frameworks */ = {
			isa = PBXFrameworksBuildPhase;
			buildActionMask = 2147483647;
			files = (
			);
			runOnlyForDeploymentPostprocessing = 0;
		};
		CD5FA4B92F6D5EC000FC32A2 /* Frameworks */ = {
			isa = PBXFrameworksBuildPhase;
			buildActionMask = 2147483647;
			files = (
			);
			runOnlyForDeploymentPostprocessing = 0;
		};
		CD5FA4C32F6D5EC000FC32A2 /* Frameworks */ = {
			isa = PBXFrameworksBuildPhase;
			buildActionMask = 2147483647;
			files = (
			);
			runOnlyForDeploymentPostprocessing = 0;
		};
/* End PBXFrameworksBuildPhase section */

/* Begin PBXGroup section */
		CD5FA4A42F6D5EBF00FC32A2 = {
			isa = PBXGroup;
			children = (
				CD5FA4AF2F6D5EBF00FC32A2 /* 本地通讯录管家 */,
				CD5FA4BF2F6D5EC000FC32A2 /* 本地通讯录管家Tests */,
				CD5FA4C92F6D5EC000FC32A2 /* 本地通讯录管家UITests */,
				CD5FA4AE2F6D5EBF00FC32A2 /* Products */,
			);
			sourceTree = "<group>";
		};
		CD5FA4AE2F6D5EBF00FC32A2 /* Products */ = {
			isa = PBXGroup;
			children = (
				CD5FA4AD2F6D5EBF00FC32A2 /* 本地通讯录管家.app */,
				CD5FA4BC2F6D5EC000FC32A2 /* 本地通讯录管家Tests.xctest */,
				CD5FA4C62F6D5EC000FC32A2 /* 本地通讯录管家UITests.xctest */,
			);
			name = Products;
			sourceTree = "<group>";
		};
/* End PBXGroup section */

/* Begin PBXNativeTarget section */
		CD5FA4AC2F6D5EBF00FC32A2 /* 本地通讯录管家 */ = {
			isa = PBXNativeTarget;
			buildConfigurationList = CD5FA4D02F6D5EC000FC32A2 /* Build configuration list for PBXNativeTarget "本地通讯录管家" */;
			buildPhases = (
				CD5FA4A92F6D5EBF00FC32A2 /* Sources */,
				CD5FA4AA2F6D5EBF00FC32A2 /* Frameworks */,
				CD5FA4AB2F6D5EBF00FC32A2 /* Resources */,
			);
			buildRules = (
			);
			dependencies = (
			);
			fileSystemSynchronizedGroups = (
				CD5FA4AF2F6D5EBF00FC32A2 /* 本地通讯录管家 */,
			);
			name = "本地通讯录管家";
			packageProductDependencies = (
			);
			productName = "本地通讯录管家";
			productReference = CD5FA4AD2F6D5EBF00FC32A2 /* 本地通讯录管家.app */;
			productType = "com.apple.product-type.application";
		};
		CD5FA4BB2F6D5EC000FC32A2 /* 本地通讯录管家Tests */ = {
			isa = PBXNativeTarget;
			buildConfigurationList = CD5FA4D32F6D5EC000FC32A2 /* Build configuration list for PBXNativeTarget "本地通讯录管家Tests" */;
			buildPhases = (
				CD5FA4B82F6D5EC000FC32A2 /* Sources */,
				CD5FA4B92F6D5EC000FC32A2 /* Frameworks */,
				CD5FA4BA2F6D5EC000FC32A2 /* Resources */,
			);
			buildRules = (
			);
			dependencies = (
				CD5FA4BE2F6D5EC000FC32A2 /* PBXTargetDependency */,
			);
			fileSystemSynchronizedGroups = (
				CD5FA4BF2F6D5EC000FC32A2 /* 本地通讯录管家Tests */,
			);
			name = "本地通讯录管家Tests";
			packageProductDependencies = (
			);
			productName = "本地通讯录管家Tests";
			productReference = CD5FA4BC2F6D5EC000FC32A2 /* 本地通讯录管家Tests.xctest */;
			productType = "com.apple.product-type.bundle.unit-test";
		};
		CD5FA4C52F6D5EC000FC32A2 /* 本地通讯录管家UITests */ = {
			isa = PBXNativeTarget;
			buildConfigurationList = CD5FA4D62F6D5EC000FC32A2 /* Build configuration list for PBXNativeTarget "本地通讯录管家UITests" */;
			buildPhases = (
				CD5FA4C22F6D5EC000FC32A2 /* Sources */,
				CD5FA4C32F6D5EC000FC32A2 /* Frameworks */,
				CD5FA4C42F6D5EC000FC32A2 /* Resources */,
			);
			buildRules = (
			);
			dependencies = (
				CD5FA4C82F6D5EC000FC32A2 /* PBXTargetDependency */,
			);
			fileSystemSynchronizedGroups = (
				CD5FA4C92F6D5EC000FC32A2 /* 本地通讯录管家UITests */,
			);
			name = "本地通讯录管家UITests";
			packageProductDependencies = (
			);
			productName = "本地通讯录管家UITests";
			productReference = CD5FA4C62F6D5EC000FC32A2 /* 本地通讯录管家UITests.xctest */;
			productType = "com.apple.product-type.bundle.ui-testing";
		};
/* End PBXNativeTarget section */

/* Begin PBXProject section */
		CD5FA4A52F6D5EBF00FC32A2 /* Project object */ = {
			isa = PBXProject;
			attributes = {
				BuildIndependentTargetsInParallel = 1;
				LastSwiftUpdateCheck = 2630;
				LastUpgradeCheck = 2630;
				TargetAttributes = {
					CD5FA4AC2F6D5EBF00FC32A2 = {
						CreatedOnToolsVersion = 26.3;
					};
					CD5FA4BB2F6D5EC000FC32A2 = {
						CreatedOnToolsVersion = 26.3;
						TestTargetID = CD5FA4AC2F6D5EBF00FC32A2;
					};
					CD5FA4C52F6D5EC000FC32A2 = {
						CreatedOnToolsVersion = 26.3;
						TestTargetID = CD5FA4AC2F6D5EBF00FC32A2;
					};
				};
			};
			buildConfigurationList = CD5FA4A82F6D5EBF00FC32A2 /* Build configuration list for PBXProject "本地通讯录管家" */;
			developmentRegion = en;
			hasScannedForEncodings = 0;
			knownRegions = (
				en,
				Base,
			);
			mainGroup = CD5FA4A42F6D5EBF00FC32A2;
			minimizedProjectReferenceProxies = 1;
			preferredProjectObjectVersion = 77;
			productRefGroup = CD5FA4AE2F6D5EBF00FC32A2 /* Products */;
			projectDirPath = "";
			projectRoot = "";
			targets = (
				CD5FA4AC2F6D5EBF00FC32A2 /* 本地通讯录管家 */,
				CD5FA4BB2F6D5EC000FC32A2 /* 本地通讯录管家Tests */,
				CD5FA4C52F6D5EC000FC32A2 /* 本地通讯录管家UITests */,
			);
		};
/* End PBXProject section */

/* Begin PBXResourcesBuildPhase section */
		CD5FA4AB2F6D5EBF00FC32A2 /* Resources */ = {
			isa = PBXResourcesBuildPhase;
			buildActionMask = 2147483647;
			files = (
			);
			runOnlyForDeploymentPostprocessing = 0;
		};
		CD5FA4BA2F6D5EC000FC32A2 /* Resources */ = {
			isa = PBXResourcesBuildPhase;
			buildActionMask = 2147483647;
			files = (
			);
			runOnlyForDeploymentPostprocessing = 0;
		};
		CD5FA4C42F6D5EC000FC32A2 /* Resources */ = {
			isa = PBXResourcesBuildPhase;
			buildActionMask = 2147483647;
			files = (
			);
			runOnlyForDeploymentPostprocessing = 0;
		};
/* End PBXResourcesBuildPhase section */

/* Begin PBXSourcesBuildPhase section */
		CD5FA4A92F6D5EBF00FC32A2 /* Sources */ = {
			isa = PBXSourcesBuildPhase;
			buildActionMask = 2147483647;
			files = (
			);
			runOnlyForDeploymentPostprocessing = 0;
		};
		CD5FA4B82F6D5EC000FC32A2 /* Sources */ = {
			isa = PBXSourcesBuildPhase;
			buildActionMask = 2147483647;
			files = (
			);
			runOnlyForDeploymentPostprocessing = 0;
		};
		CD5FA4C22F6D5EC000FC32A2 /* Sources */ = {
			isa = PBXSourcesBuildPhase;
			buildActionMask = 2147483647;
			files = (
			);
			runOnlyForDeploymentPostprocessing = 0;
		};
/* End PBXSourcesBuildPhase section */

/* Begin PBXTargetDependency section */
		CD5FA4BE2F6D5EC000FC32A2 /* PBXTargetDependency */ = {
			isa = PBXTargetDependency;
			target = CD5FA4AC2F6D5EBF00FC32A2 /* 本地通讯录管家 */;
			targetProxy = CD5FA4BD2F6D5EC000FC32A2 /* PBXContainerItemProxy */;
		};
		CD5FA4C82F6D5EC000FC32A2 /* PBXTargetDependency */ = {
			isa = PBXTargetDependency;
			target = CD5FA4AC2F6D5EBF00FC32A2 /* 本地通讯录管家 */;
			targetProxy = CD5FA4C72F6D5EC000FC32A2 /* PBXContainerItemProxy */;
		};
/* End PBXTargetDependency section */

/* Begin XCBuildConfiguration section */
		CD5FA4CE2F6D5EC000FC32A2 /* Debug */ = {
			isa = XCBuildConfiguration;
			buildSettings = {
				ALWAYS_SEARCH_USER_PATHS = NO;
				ASSETCATALOG_COMPILER_GENERATE_SWIFT_ASSET_SYMBOL_EXTENSIONS = YES;
				CLANG_ANALYZER_NONNULL = YES;
				CLANG_ANALYZER_NUMBER_OBJECT_CONVERSION = YES_AGGRESSIVE;
				CLANG_CXX_LANGUAGE_STANDARD = "gnu++20";
				CLANG_ENABLE_MODULES = YES;
				CLANG_ENABLE_OBJC_ARC = YES;
				CLANG_ENABLE_OBJC_WEAK = YES;
				CLANG_WARN_BLOCK_CAPTURE_AUTORELEASING = YES;
				CLANG_WARN_BOOL_CONVERSION = YES;
				CLANG_WARN_COMMA = YES;
				CLANG_WARN_CONSTANT_CONVERSION = YES;
				CLANG_WARN_DEPRECATED_OBJC_IMPLEMENTATIONS = YES;
				CLANG_WARN_DIRECT_OBJC_ISA_USAGE = YES_ERROR;
				CLANG_WARN_DOCUMENTATION_COMMENTS = YES;
				CLANG_WARN_EMPTY_BODY = YES;
				CLANG_WARN_ENUM_CONVERSION = YES;
				CLANG_WARN_INFINITE_RECURSION = YES;
				CLANG_WARN_INT_CONVERSION = YES;
				CLANG_WARN_NON_LITERAL_NULL_CONVERSION = YES;
				CLANG_WARN_OBJC_IMPLICIT_RETAIN_SELF = YES;
				CLANG_WARN_OBJC_LITERAL_CONVERSION = YES;
				CLANG_WARN_OBJC_ROOT_CLASS = YES_ERROR;
				CLANG_WARN_QUOTED_INCLUDE_IN_FRAMEWORK_HEADER = YES;
				CLANG_WARN_RANGE_LOOP_ANALYSIS = YES;
				CLANG_WARN_STRICT_PROTOTYPES = YES;
				CLANG_WARN_SUSPICIOUS_MOVE = YES;
				CLANG_WARN_UNGUARDED_AVAILABILITY = YES_AGGRESSIVE;
				CLANG_WARN_UNREACHABLE_CODE = YES;
				CLANG_WARN__DUPLICATE_METHOD_MATCH = YES;
				COPY_PHASE_STRIP = NO;
				DEBUG_INFORMATION_FORMAT = dwarf;
				ENABLE_STRICT_OBJC_MSGSEND = YES;
				ENABLE_TESTABILITY = YES;
				ENABLE_USER_SCRIPT_SANDBOXING = YES;
				GCC_C_LANGUAGE_STANDARD = gnu17;
				GCC_DYNAMIC_NO_PIC = NO;
				GCC_NO_COMMON_BLOCKS = YES;
				GCC_OPTIMIZATION_LEVEL = 0;
				GCC_PREPROCESSOR_DEFINITIONS = (
					"DEBUG=1",
					"$(inherited)",
				);
				GCC_WARN_64_TO_32_BIT_CONVERSION = YES;
				GCC_WARN_ABOUT_RETURN_TYPE = YES_ERROR;
				GCC_WARN_UNDECLARED_SELECTOR = YES;
				GCC_WARN_UNINITIALIZED_AUTOS = YES_AGGRESSIVE;
				GCC_WARN_UNUSED_FUNCTION = YES;
				GCC_WARN_UNUSED_VARIABLE = YES;
				IPHONEOS_DEPLOYMENT_TARGET = 16.0;
				LOCALIZATION_PREFERS_STRING_CATALOGS = YES;
				MTL_ENABLE_DEBUG_INFO = INCLUDE_SOURCE;
				MTL_FAST_MATH = YES;
				ONLY_ACTIVE_ARCH = YES;
				SDKROOT = iphoneos;
				SWIFT_ACTIVE_COMPILATION_CONDITIONS = "DEBUG $(inherited)";
				SWIFT_OPTIMIZATION_LEVEL = "-Onone";
			};
			name = Debug;
		};
		CD5FA4CF2F6D5EC000FC32A2 /* Release */ = {
			isa = XCBuildConfiguration;
			buildSettings = {
				ALWAYS_SEARCH_USER_PATHS = NO;
				ASSETCATALOG_COMPILER_GENERATE_SWIFT_ASSET_SYMBOL_EXTENSIONS = YES;
				CLANG_ANALYZER_NONNULL = YES;
				CLANG_ANALYZER_NUMBER_OBJECT_CONVERSION = YES_AGGRESSIVE;
				CLANG_CXX_LANGUAGE_STANDARD = "gnu++20";
				CLANG_ENABLE_MODULES = YES;
				CLANG_ENABLE_OBJC_ARC = YES;
				CLANG_ENABLE_OBJC_WEAK = YES;
				CLANG_WARN_BLOCK_CAPTURE_AUTORELEASING = YES;
				CLANG_WARN_BOOL_CONVERSION = YES;
				CLANG_WARN_COMMA = YES;
				CLANG_WARN_CONSTANT_CONVERSION = YES;
				CLANG_WARN_DEPRECATED_OBJC_IMPLEMENTATIONS = YES;
				CLANG_WARN_DIRECT_OBJC_ISA_USAGE = YES_ERROR;
				CLANG_WARN_DOCUMENTATION_COMMENTS = YES;
				CLANG_WARN_EMPTY_BODY = YES;
				CLANG_WARN_ENUM_CONVERSION = YES;
				CLANG_WARN_INFINITE_RECURSION = YES;
				CLANG_WARN_INT_CONVERSION = YES;
				CLANG_WARN_NON_LITERAL_NULL_CONVERSION = YES;
				CLANG_WARN_OBJC_IMPLICIT_RETAIN_SELF = YES;
				CLANG_WARN_OBJC_LITERAL_CONVERSION = YES;
				CLANG_WARN_OBJC_ROOT_CLASS = YES_ERROR;
				CLANG_WARN_QUOTED_INCLUDE_IN_FRAMEWORK_HEADER = YES;
				CLANG_WARN_RANGE_LOOP_ANALYSIS = YES;
				CLANG_WARN_STRICT_PROTOTYPES = YES;
				CLANG_WARN_SUSPICIOUS_MOVE = YES;
				CLANG_WARN_UNGUARDED_AVAILABILITY = YES_AGGRESSIVE;
				CLANG_WARN_UNREACHABLE_CODE = YES;
				CLANG_WARN__DUPLICATE_METHOD_MATCH = YES;
				COPY_PHASE_STRIP = NO;
				DEBUG_INFORMATION_FORMAT = "dwarf-with-dsym";
				ENABLE_NS_ASSERTIONS = NO;
				ENABLE_STRICT_OBJC_MSGSEND = YES;
				ENABLE_USER_SCRIPT_SANDBOXING = YES;
				GCC_C_LANGUAGE_STANDARD = gnu17;
				GCC_NO_COMMON_BLOCKS = YES;
				GCC_WARN_64_TO_32_BIT_CONVERSION = YES;
				GCC_WARN_ABOUT_RETURN_TYPE = YES_ERROR;
				GCC_WARN_UNDECLARED_SELECTOR = YES;
				GCC_WARN_UNINITIALIZED_AUTOS = YES_AGGRESSIVE;
				GCC_WARN_UNUSED_FUNCTION = YES;
				GCC_WARN_UNUSED_VARIABLE = YES;
				IPHONEOS_DEPLOYMENT_TARGET = 16.0;
				LOCALIZATION_PREFERS_STRING_CATALOGS = YES;
				MTL_ENABLE_DEBUG_INFO = NO;
				MTL_FAST_MATH = YES;
				SDKROOT = iphoneos;
				SWIFT_COMPILATION_MODE = wholemodule;
				VALIDATE_PRODUCT = YES;
			};
			name = Release;
		};
		CD5FA4D12F6D5EC000FC32A2 /* Debug */ = {
			isa = XCBuildConfiguration;
			buildSettings = {
				ASSETCATALOG_COMPILER_APPICON_NAME = AppIcon;
				ASSETCATALOG_COMPILER_GLOBAL_ACCENT_COLOR_NAME = AccentColor;
				CODE_SIGN_STYLE = Automatic;
				CURRENT_PROJECT_VERSION = 3;
				DEVELOPMENT_TEAM = VHL4P85M5X;
				ENABLE_PREVIEWS = YES;
				GENERATE_INFOPLIST_FILE = YES;
				INFOPLIST_KEY_LSApplicationCategoryType = "public.app-category.utilities";
				INFOPLIST_KEY_NSContactsUsageDescription = "本应用需要访问您的通讯录以进行整理、去重和导出操作。所有数据仅在本地处理，不会上传到任何服务器。";
				INFOPLIST_KEY_UIApplicationSceneManifest_Generation = YES;
				INFOPLIST_KEY_UIApplicationSupportsIndirectInputEvents = YES;
				INFOPLIST_KEY_UILaunchScreen_Generation = YES;
				INFOPLIST_KEY_UIStatusBarStyle = "";
				INFOPLIST_KEY_UISupportedInterfaceOrientations = "UIInterfaceOrientationLandscapeLeft UIInterfaceOrientationLandscapeRight UIInterfaceOrientationPortrait";
				INFOPLIST_KEY_UISupportedInterfaceOrientations_iPad = "UIInterfaceOrientationLandscapeLeft UIInterfaceOrientationLandscapeRight UIInterfaceOrientationPortrait UIInterfaceOrientationPortraitUpsideDown";
				LD_RUNPATH_SEARCH_PATHS = (
					"$(inherited)",
					"@executable_path/Frameworks",
				);
				MARKETING_VERSION = 1.5;
				PRODUCT_BUNDLE_IDENTIFIER = "litongda-gmail.com";
				PRODUCT_NAME = "$(TARGET_NAME)";
				STRING_CATALOG_GENERATE_SYMBOLS = YES;
				SWIFT_APPROACHABLE_CONCURRENCY = YES;
				SWIFT_DEFAULT_ACTOR_ISOLATION = MainActor;
				SWIFT_EMIT_LOC_STRINGS = YES;
				SWIFT_UPCOMING_FEATURE_MEMBER_IMPORT_VISIBILITY = YES;
				SWIFT_VERSION = 5.0;
				TARGETED_DEVICE_FAMILY = "1,2";
			};
			name = Debug;
		};
		CD5FA4D22F6D5EC000FC32A2 /* Release */ = {
			isa = XCBuildConfiguration;
			buildSettings = {
				ASSETCATALOG_COMPILER_APPICON_NAME = AppIcon;
				ASSETCATALOG_COMPILER_GLOBAL_ACCENT_COLOR_NAME = AccentColor;
				CODE_SIGN_STYLE = Automatic;
				CURRENT_PROJECT_VERSION = 3;
				DEVELOPMENT_TEAM = VHL4P85M5X;
				ENABLE_PREVIEWS = YES;
				GENERATE_INFOPLIST_FILE = YES;
				INFOPLIST_KEY_LSApplicationCategoryType = "public.app-category.utilities";
				INFOPLIST_KEY_NSContactsUsageDescription = "本应用需要访问您的通讯录以进行整理、去重和导出操作。所有数据仅在本地处理，不会上传到任何服务器。";
				INFOPLIST_KEY_UIApplicationSceneManifest_Generation = YES;
				INFOPLIST_KEY_UIApplicationSupportsIndirectInputEvents = YES;
				INFOPLIST_KEY_UILaunchScreen_Generation = YES;
				INFOPLIST_KEY_UIStatusBarStyle = "";
				INFOPLIST_KEY_UISupportedInterfaceOrientations = "UIInterfaceOrientationLandscapeLeft UIInterfaceOrientationLandscapeRight UIInterfaceOrientationPortrait";
				INFOPLIST_KEY_UISupportedInterfaceOrientations_iPad = "UIInterfaceOrientationLandscapeLeft UIInterfaceOrientationLandscapeRight UIInterfaceOrientationPortrait UIInterfaceOrientationPortraitUpsideDown";
				LD_RUNPATH_SEARCH_PATHS = (
					"$(inherited)",
					"@executable_path/Frameworks",
				);
				MARKETING_VERSION = 1.5;
				PRODUCT_BUNDLE_IDENTIFIER = "litongda-gmail.com";
				PRODUCT_NAME = "$(TARGET_NAME)";
				STRING_CATALOG_GENERATE_SYMBOLS = YES;
				SWIFT_APPROACHABLE_CONCURRENCY = YES;
				SWIFT_DEFAULT_ACTOR_ISOLATION = MainActor;
				SWIFT_EMIT_LOC_STRINGS = YES;
				SWIFT_UPCOMING_FEATURE_MEMBER_IMPORT_VISIBILITY = YES;
				SWIFT_VERSION = 5.0;
				TARGETED_DEVICE_FAMILY = "1,2";
			};
			name = Release;
		};
		CD5FA4D42F6D5EC000FC32A2 /* Debug */ = {
			isa = XCBuildConfiguration;
			buildSettings = {
				BUNDLE_LOADER = "$(TEST_HOST)";
				CODE_SIGN_STYLE = Automatic;
				CURRENT_PROJECT_VERSION = 3;
				GENERATE_INFOPLIST_FILE = YES;
				IPHONEOS_DEPLOYMENT_TARGET = 16.0;
				MARKETING_VERSION = 1.5;
				PRODUCT_BUNDLE_IDENTIFIER = "lps.-------Tests";
				PRODUCT_NAME = "$(TARGET_NAME)";
				STRING_CATALOG_GENERATE_SYMBOLS = NO;
				SWIFT_APPROACHABLE_CONCURRENCY = YES;
				SWIFT_EMIT_LOC_STRINGS = NO;
				SWIFT_UPCOMING_FEATURE_MEMBER_IMPORT_VISIBILITY = YES;
				SWIFT_VERSION = 5.0;
				TARGETED_DEVICE_FAMILY = "1,2";
				TEST_HOST = "$(BUILT_PRODUCTS_DIR)/本地通讯录管家.app/$(BUNDLE_EXECUTABLE_FOLDER_PATH)/本地通讯录管家";
			};
			name = Debug;
		};
		CD5FA4D52F6D5EC000FC32A2 /* Release */ = {
			isa = XCBuildConfiguration;
			buildSettings = {
				BUNDLE_LOADER = "$(TEST_HOST)";
				CODE_SIGN_STYLE = Automatic;
				CURRENT_PROJECT_VERSION = 3;
				GENERATE_INFOPLIST_FILE = YES;
				IPHONEOS_DEPLOYMENT_TARGET = 16.0;
				MARKETING_VERSION = 1.5;
				PRODUCT_BUNDLE_IDENTIFIER = "lps.-------Tests";
				PRODUCT_NAME = "$(TARGET_NAME)";
				STRING_CATALOG_GENERATE_SYMBOLS = NO;
				SWIFT_APPROACHABLE_CONCURRENCY = YES;
				SWIFT_EMIT_LOC_STRINGS = NO;
				SWIFT_UPCOMING_FEATURE_MEMBER_IMPORT_VISIBILITY = YES;
				SWIFT_VERSION = 5.0;
				TARGETED_DEVICE_FAMILY = "1,2";
				TEST_HOST = "$(BUILT_PRODUCTS_DIR)/本地通讯录管家.app/$(BUNDLE_EXECUTABLE_FOLDER_PATH)/本地通讯录管家";
			};
			name = Release;
		};
		CD5FA4D72F6D5EC000FC32A2 /* Debug */ = {
			isa = XCBuildConfiguration;
			buildSettings = {
				CODE_SIGN_STYLE = Automatic;
				CURRENT_PROJECT_VERSION = 3;
				GENERATE_INFOPLIST_FILE = YES;
				MARKETING_VERSION = 1.5;
				PRODUCT_BUNDLE_IDENTIFIER = "lps.-------UITests";
				PRODUCT_NAME = "$(TARGET_NAME)";
				STRING_CATALOG_GENERATE_SYMBOLS = NO;
				SWIFT_APPROACHABLE_CONCURRENCY = YES;
				SWIFT_EMIT_LOC_STRINGS = NO;
				SWIFT_UPCOMING_FEATURE_MEMBER_IMPORT_VISIBILITY = YES;
				SWIFT_VERSION = 5.0;
				TARGETED_DEVICE_FAMILY = "1,2";
				TEST_TARGET_NAME = "本地通讯录管家";
			};
			name = Debug;
		};
		CD5FA4D82F6D5EC000FC32A2 /* Release */ = {
			isa = XCBuildConfiguration;
			buildSettings = {
				CODE_SIGN_STYLE = Automatic;
				CURRENT_PROJECT_VERSION = 3;
				GENERATE_INFOPLIST_FILE = YES;
				MARKETING_VERSION = 1.5;
				PRODUCT_BUNDLE_IDENTIFIER = "lps.-------UITests";
				PRODUCT_NAME = "$(TARGET_NAME)";
				STRING_CATALOG_GENERATE_SYMBOLS = NO;
				SWIFT_APPROACHABLE_CONCURRENCY = YES;
				SWIFT_EMIT_LOC_STRINGS = NO;
				SWIFT_UPCOMING_FEATURE_MEMBER_IMPORT_VISIBILITY = YES;
				SWIFT_VERSION = 5.0;
				TARGETED_DEVICE_FAMILY = "1,2";
				TEST_TARGET_NAME = "本地通讯录管家";
			};
			name = Release;
		};
/* End XCBuildConfiguration section */

/* Begin XCConfigurationList section */
		CD5FA4A82F6D5EBF00FC32A2 /* Build configuration list for PBXProject "本地通讯录管家" */ = {
			isa = XCConfigurationList;
			buildConfigurations = (
				CD5FA4CE2F6D5EC000FC32A2 /* Debug */,
				CD5FA4CF2F6D5EC000FC32A2 /* Release */,
			);
			defaultConfigurationIsVisible = 0;
			defaultConfigurationName = Release;
		};
		CD5FA4D02F6D5EC000FC32A2 /* Build configuration list for PBXNativeTarget "本地通讯录管家" */ = {
			isa = XCConfigurationList;
			buildConfigurations = (
				CD5FA4D12F6D5EC000FC32A2 /* Debug */,
				CD5FA4D22F6D5EC000FC32A2 /* Release */,
			);
			defaultConfigurationIsVisible = 0;
			defaultConfigurationName = Release;
		};
		CD5FA4D32F6D5EC000FC32A2 /* Build configuration list for PBXNativeTarget "本地通讯录管家Tests" */ = {
			isa = XCConfigurationList;
			buildConfigurations = (
				CD5FA4D42F6D5EC000FC32A2 /* Debug */,
				CD5FA4D52F6D5EC000FC32A2 /* Release */,
			);
			defaultConfigurationIsVisible = 0;
			defaultConfigurationName = Release;
		};
		CD5FA4D62F6D5EC000FC32A2 /* Build configuration list for PBXNativeTarget "本地通讯录管家UITests" */ = {
			isa = XCConfigurationList;
			buildConfigurations = (
				CD5FA4D72F6D5EC000FC32A2 /* Debug */,
				CD5FA4D82F6D5EC000FC32A2 /* Release */,
			);
			defaultConfigurationIsVisible = 0;
			defaultConfigurationName = Release;
		};
/* End XCConfigurationList section */
	};
	rootObject = CD5FA4A52F6D5EBF00FC32A2 /* Project object */;
}
